// !$*UTF8*$!
{
	archiveVersion = 1;
	classes = {
	};
	objectVersion = 46;
	objects = {

/* Begin PBXBuildFile section */
		_LinkFileRef_SwiftyJSON_via_SceneServer /* SwiftyJSON.framework in Frameworks */ = {isa = PBXBuildFile; fileRef = "_____Product_SwiftyJSON" /* SwiftyJSON.framework */; };
		"__src_cc_ref_Packages/SwiftyJSON-3.0.1/Source/SwiftyJSON.swift" /* SwiftyJSON.swift in Sources */ = {isa = PBXBuildFile; fileRef = "__PBXFileRef_Packages/SwiftyJSON-3.0.1/Source/SwiftyJSON.swift" /* SwiftyJSON.swift */; };
		__src_cc_ref_Sources/SceneServer/App/main.swift /* main.swift in Sources */ = {isa = PBXBuildFile; fileRef = __PBXFileRef_Sources/SceneServer/App/main.swift /* main.swift */; };
		__src_cc_ref_Sources/SceneServer/Error/Error.swift /* Error.swift in Sources */ = {isa = PBXBuildFile; fileRef = __PBXFileRef_Sources/SceneServer/Error/Error.swift /* Error.swift */; };
		__src_cc_ref_Sources/SceneServer/Info/InfoLoader.swift /* Info/InfoLoader.swift in Sources */ = {isa = PBXBuildFile; fileRef = __PBXFileRef_Sources/SceneServer/Info/InfoLoader.swift /* Info/InfoLoader.swift */; };
		__src_cc_ref_Sources/SceneServer/Info/InfoManager.swift /* Info/InfoManager.swift in Sources */ = {isa = PBXBuildFile; fileRef = __PBXFileRef_Sources/SceneServer/Info/InfoManager.swift /* Info/InfoManager.swift */; };
		__src_cc_ref_Sources/SceneServer/Info/MapInfo.swift /* Info/MapInfo.swift in Sources */ = {isa = PBXBuildFile; fileRef = __PBXFileRef_Sources/SceneServer/Info/MapInfo.swift /* Info/MapInfo.swift */; };
		__src_cc_ref_Sources/SceneServer/Scene/Object/GameObject.swift /* GameObject.swift in Sources */ = {isa = PBXBuildFile; fileRef = __PBXFileRef_Sources/SceneServer/Scene/Object/GameObject.swift /* GameObject.swift */; };
		__src_cc_ref_Sources/SceneServer/Scene/Scene/Scene.swift /* Scene.swift in Sources */ = {isa = PBXBuildFile; fileRef = __PBXFileRef_Sources/SceneServer/Scene/Scene/Scene.swift /* Scene.swift */; };
		__src_cc_ref_Sources/SceneServer/Scene/Scene/SceneManager.swift /* SceneManager.swift in Sources */ = {isa = PBXBuildFile; fileRef = __PBXFileRef_Sources/SceneServer/Scene/Scene/SceneManager.swift /* SceneManager.swift */; };
		__src_cc_ref_Sources/SceneServer/Util/Vector2D.swift /* Util/Vector2D.swift in Sources */ = {isa = PBXBuildFile; fileRef = __PBXFileRef_Sources/SceneServer/Util/Vector2D.swift /* Util/Vector2D.swift */; };
/* End PBXBuildFile section */

/* Begin PBXContainerItemProxy section */
		C9EFD4411D656C8D00A11FAA /* PBXContainerItemProxy */ = {
			isa = PBXContainerItemProxy;
			containerPortal = __RootObject_ /* Project object */;
			proxyType = 1;
			remoteGlobalIDString = "______Target_SwiftyJSON";
			remoteInfo = SwiftyJSON;
		};
/* End PBXContainerItemProxy section */

/* Begin PBXFileReference section */
		__PBXFileRef_Package.swift /* Package.swift */ = {isa = PBXFileReference; lastKnownFileType = sourcecode.swift; path = Package.swift; sourceTree = "<group>"; };
		"__PBXFileRef_Packages/SwiftyJSON-3.0.1/Source/SwiftyJSON.swift" /* SwiftyJSON.swift */ = {isa = PBXFileReference; lastKnownFileType = sourcecode.swift; path = SwiftyJSON.swift; sourceTree = "<group>"; };
		__PBXFileRef_SceneServer.xcodeproj/Configs/Project.xcconfig /* Project.xcconfig */ = {isa = PBXFileReference; lastKnownFileType = text.xcconfig; name = Project.xcconfig; path = SceneServer.xcodeproj/Configs/Project.xcconfig; sourceTree = "<group>"; };
		__PBXFileRef_Sources/SceneServer/App/main.swift /* main.swift */ = {isa = PBXFileReference; lastKnownFileType = sourcecode.swift; name = main.swift; path = App/main.swift; sourceTree = "<group>"; };
		__PBXFileRef_Sources/SceneServer/Error/Error.swift /* Error.swift */ = {isa = PBXFileReference; lastKnownFileType = sourcecode.swift; name = Error.swift; path = Error/Error.swift; sourceTree = "<group>"; };
		__PBXFileRef_Sources/SceneServer/Info/InfoLoader.swift /* Info/InfoLoader.swift */ = {isa = PBXFileReference; lastKnownFileType = sourcecode.swift; path = Info/InfoLoader.swift; sourceTree = "<group>"; };
		__PBXFileRef_Sources/SceneServer/Info/InfoManager.swift /* Info/InfoManager.swift */ = {isa = PBXFileReference; lastKnownFileType = sourcecode.swift; path = Info/InfoManager.swift; sourceTree = "<group>"; };
		__PBXFileRef_Sources/SceneServer/Info/MapInfo.swift /* Info/MapInfo.swift */ = {isa = PBXFileReference; lastKnownFileType = sourcecode.swift; path = Info/MapInfo.swift; sourceTree = "<group>"; };
		__PBXFileRef_Sources/SceneServer/Scene/Object/GameObject.swift /* GameObject.swift */ = {isa = PBXFileReference; lastKnownFileType = sourcecode.swift; name = GameObject.swift; path = Scene/Object/GameObject.swift; sourceTree = "<group>"; };
		__PBXFileRef_Sources/SceneServer/Scene/Scene/Scene.swift /* Scene.swift */ = {isa = PBXFileReference; lastKnownFileType = sourcecode.swift; name = Scene.swift; path = Scene/Scene/Scene.swift; sourceTree = "<group>"; };
		__PBXFileRef_Sources/SceneServer/Scene/Scene/SceneManager.swift /* SceneManager.swift */ = {isa = PBXFileReference; lastKnownFileType = sourcecode.swift; name = SceneManager.swift; path = Scene/Scene/SceneManager.swift; sourceTree = "<group>"; };
		__PBXFileRef_Sources/SceneServer/Util/Vector2D.swift /* Util/Vector2D.swift */ = {isa = PBXFileReference; lastKnownFileType = sourcecode.swift; path = Util/Vector2D.swift; sourceTree = "<group>"; };
		__PBXFileRef_SwiftyJSON_Info.plist /* SwiftyJSON_Info.plist */ = {isa = PBXFileReference; lastKnownFileType = text.plist.xml; name = SwiftyJSON_Info.plist; path = SceneServer.xcodeproj/SwiftyJSON_Info.plist; sourceTree = SOURCE_ROOT; };
		"_____Product_SceneServer" /* SceneServer */ = {isa = PBXFileReference; explicitFileType = "compiled.mach-o.executable"; path = SceneServer; sourceTree = BUILT_PRODUCTS_DIR; };
		"_____Product_SwiftyJSON" /* SwiftyJSON.framework */ = {isa = PBXFileReference; explicitFileType = wrapper.framework; path = SwiftyJSON.framework; sourceTree = BUILT_PRODUCTS_DIR; };
/* End PBXFileReference section */

/* Begin PBXFrameworksBuildPhase section */
		"___LinkPhase_SceneServer" /* Frameworks */ = {
			isa = PBXFrameworksBuildPhase;
			buildActionMask = 0;
			files = (
				_LinkFileRef_SwiftyJSON_via_SceneServer /* SwiftyJSON.framework in Frameworks */,
			);
			runOnlyForDeploymentPostprocessing = 0;
		};
		"___LinkPhase_SwiftyJSON" /* Frameworks */ = {
			isa = PBXFrameworksBuildPhase;
			buildActionMask = 0;
			files = (
			);
			runOnlyForDeploymentPostprocessing = 0;
		};
/* End PBXFrameworksBuildPhase section */

/* Begin PBXGroup section */
		C9EFD4421D65706E00A11FAA /* App */ = {
			isa = PBXGroup;
			children = (
				__PBXFileRef_Sources/SceneServer/App/main.swift /* main.swift */,
			);
			name = App;
			sourceTree = "<group>";
		};
		C9EFD4431D65707700A11FAA /* Info */ = {
			isa = PBXGroup;
			children = (
				__PBXFileRef_Sources/SceneServer/Info/MapInfo.swift /* Info/MapInfo.swift */,
				__PBXFileRef_Sources/SceneServer/Info/InfoManager.swift /* Info/InfoManager.swift */,
				__PBXFileRef_Sources/SceneServer/Info/InfoLoader.swift /* Info/InfoLoader.swift */,
			);
			name = Info;
			sourceTree = "<group>";
		};
		C9EFD4441D65708000A11FAA /* Util */ = {
			isa = PBXGroup;
			children = (
				__PBXFileRef_Sources/SceneServer/Util/Vector2D.swift /* Util/Vector2D.swift */,
			);
			name = Util;
			sourceTree = "<group>";
		};
		C9EFD4451D65708B00A11FAA /* Scene */ = {
			isa = PBXGroup;
			children = (
				C9EFD4471D6570D200A11FAA /* Object */,
				C9EFD4481D6570DD00A11FAA /* Scene */,
			);
			name = Scene;
			sourceTree = "<group>";
		};
		C9EFD4461D6570A100A11FAA /* Error */ = {
			isa = PBXGroup;
			children = (
				__PBXFileRef_Sources/SceneServer/Error/Error.swift /* Error.swift */,
			);
			name = Error;
			sourceTree = "<group>";
		};
		C9EFD4471D6570D200A11FAA /* Object */ = {
			isa = PBXGroup;
			children = (
				__PBXFileRef_Sources/SceneServer/Scene/Object/GameObject.swift /* GameObject.swift */,
			);
			name = Object;
			sourceTree = "<group>";
		};
		C9EFD4481D6570DD00A11FAA /* Scene */ = {
			isa = PBXGroup;
			children = (
				__PBXFileRef_Sources/SceneServer/Scene/Scene/SceneManager.swift /* SceneManager.swift */,
				__PBXFileRef_Sources/SceneServer/Scene/Scene/Scene.swift /* Scene.swift */,
			);
			name = Scene;
			sourceTree = "<group>";
		};
		Dependencies_ /* Dependencies */ = {
			isa = PBXGroup;
			children = (
				"_______Group_SwiftyJSON" /* SwiftyJSON */,
			);
			name = Dependencies;
			sourceTree = "<group>";
		};
		"___RootGroup_" = {
			isa = PBXGroup;
			children = (
				__PBXFileRef_Package.swift /* Package.swift */,
				"_____Configs_" /* Configs */,
				"_____Sources_" /* Sources */,
				Dependencies_ /* Dependencies */,
				"____Products_" /* Products */,
			);
			sourceTree = "<group>";
		};
		"____Products_" /* Products */ = {
			isa = PBXGroup;
			children = (
				"_____Product_SwiftyJSON" /* SwiftyJSON.framework */,
				"_____Product_SceneServer" /* SceneServer */,
			);
			name = Products;
			sourceTree = "<group>";
		};
		"_____Configs_" /* Configs */ = {
			isa = PBXGroup;
			children = (
				__PBXFileRef_SceneServer.xcodeproj/Configs/Project.xcconfig /* Project.xcconfig */,
			);
			name = Configs;
			sourceTree = "<group>";
		};
		"_____Sources_" /* Sources */ = {
			isa = PBXGroup;
			children = (
				"_______Group_SceneServer" /* SceneServer */,
			);
			name = Sources;
			sourceTree = "<group>";
		};
		"_______Group_SceneServer" /* SceneServer */ = {
			isa = PBXGroup;
			children = (
				C9EFD4461D6570A100A11FAA /* Error */,
				C9EFD4451D65708B00A11FAA /* Scene */,
				C9EFD4441D65708000A11FAA /* Util */,
				C9EFD4431D65707700A11FAA /* Info */,
				C9EFD4421D65706E00A11FAA /* App */,
			);
			name = SceneServer;
			path = Sources/SceneServer;
			sourceTree = "<group>";
		};
		"_______Group_SwiftyJSON" /* SwiftyJSON */ = {
			isa = PBXGroup;
			children = (
				"__PBXFileRef_Packages/SwiftyJSON-3.0.1/Source/SwiftyJSON.swift" /* SwiftyJSON.swift */,
				__PBXFileRef_SwiftyJSON_Info.plist /* SwiftyJSON_Info.plist */,
			);
			name = SwiftyJSON;
			path = "Packages/SwiftyJSON-3.0.1/Source";
			sourceTree = "<group>";
		};
/* End PBXGroup section */

/* Begin PBXNativeTarget section */
		"______Target_SceneServer" /* SceneServer */ = {
			isa = PBXNativeTarget;
			buildConfigurationList = "_______Confs_SceneServer" /* Build configuration list for PBXNativeTarget "SceneServer" */;
			buildPhases = (
				CompilePhase_SceneServer /* Sources */,
				"___LinkPhase_SceneServer" /* Frameworks */,
			);
			buildRules = (
			);
			dependencies = (
				__Dependency_SwiftyJSON /* PBXTargetDependency */,
			);
			name = SceneServer;
			productName = SceneServer;
			productReference = "_____Product_SceneServer" /* SceneServer */;
			productType = "com.apple.product-type.tool";
		};
		"______Target_SwiftyJSON" /* SwiftyJSON */ = {
			isa = PBXNativeTarget;
			buildConfigurationList = "_______Confs_SwiftyJSON" /* Build configuration list for PBXNativeTarget "SwiftyJSON" */;
			buildPhases = (
				CompilePhase_SwiftyJSON /* Sources */,
				"___LinkPhase_SwiftyJSON" /* Frameworks */,
			);
			buildRules = (
			);
			dependencies = (
			);
			name = SwiftyJSON;
			productName = SwiftyJSON;
			productReference = "_____Product_SwiftyJSON" /* SwiftyJSON.framework */;
			productType = "com.apple.product-type.framework";
		};
/* End PBXNativeTarget section */

/* Begin PBXProject section */
		__RootObject_ /* Project object */ = {
			isa = PBXProject;
			attributes = {
				LastUpgradeCheck = 9999;
			};
			buildConfigurationList = "___RootConfs_" /* Build configuration list for PBXProject "SceneServer" */;
			compatibilityVersion = "Xcode 3.2";
			developmentRegion = English;
			hasScannedForEncodings = 0;
			knownRegions = (
				en,
			);
			mainGroup = "___RootGroup_";
			productRefGroup = "____Products_" /* Products */;
			projectDirPath = "";
			projectRoot = "";
			targets = (
				"______Target_SwiftyJSON" /* SwiftyJSON */,
				"______Target_SceneServer" /* SceneServer */,
			);
		};
/* End PBXProject section */

/* Begin PBXSourcesBuildPhase section */
		CompilePhase_SceneServer /* Sources */ = {
			isa = PBXSourcesBuildPhase;
			buildActionMask = 0;
			files = (
				__src_cc_ref_Sources/SceneServer/App/main.swift /* main.swift in Sources */,
				__src_cc_ref_Sources/SceneServer/Error/Error.swift /* Error.swift in Sources */,
				__src_cc_ref_Sources/SceneServer/Info/InfoLoader.swift /* Info/InfoLoader.swift in Sources */,
				__src_cc_ref_Sources/SceneServer/Info/InfoManager.swift /* Info/InfoManager.swift in Sources */,
				__src_cc_ref_Sources/SceneServer/Info/MapInfo.swift /* Info/MapInfo.swift in Sources */,
				__src_cc_ref_Sources/SceneServer/Util/Vector2D.swift /* Util/Vector2D.swift in Sources */,
				__src_cc_ref_Sources/SceneServer/Scene/Object/GameObject.swift /* GameObject.swift in Sources */,
				__src_cc_ref_Sources/SceneServer/Scene/Scene/Scene.swift /* Scene.swift in Sources */,
				__src_cc_ref_Sources/SceneServer/Scene/Scene/SceneManager.swift /* SceneManager.swift in Sources */,
			);
			runOnlyForDeploymentPostprocessing = 0;
		};
		CompilePhase_SwiftyJSON /* Sources */ = {
			isa = PBXSourcesBuildPhase;
			buildActionMask = 0;
			files = (
				"__src_cc_ref_Packages/SwiftyJSON-3.0.1/Source/SwiftyJSON.swift" /* SwiftyJSON.swift in Sources */,
			);
			runOnlyForDeploymentPostprocessing = 0;
		};
/* End PBXSourcesBuildPhase section */

/* Begin PBXTargetDependency section */
		__Dependency_SwiftyJSON /* PBXTargetDependency */ = {
			isa = PBXTargetDependency;
			target = "______Target_SwiftyJSON" /* SwiftyJSON */;
			targetProxy = C9EFD4411D656C8D00A11FAA /* PBXContainerItemProxy */;
		};
/* End PBXTargetDependency section */

/* Begin XCBuildConfiguration section */
		_ReleaseConf_SceneServer /* Release */ = {
			isa = XCBuildConfiguration;
			buildSettings = {
				LD_RUNPATH_SEARCH_PATHS = "$(TOOLCHAIN_DIR)/usr/lib/swift/macosx @executable_path";
				OTHER_LDFLAGS = "$(inherited)";
				OTHER_SWIFT_FLAGS = "$(inherited)";
				SWIFT_FORCE_DYNAMIC_LINK_STDLIB = YES;
				SWIFT_FORCE_STATIC_LINK_STDLIB = NO;
			};
			name = Release;
		};
		_ReleaseConf_SwiftyJSON /* Release */ = {
			isa = XCBuildConfiguration;
			buildSettings = {
				ENABLE_TESTABILITY = YES;
				INFOPLIST_FILE = SceneServer.xcodeproj/SwiftyJSON_Info.plist;
				LD_RUNPATH_SEARCH_PATHS = "$(TOOLCHAIN_DIR)/usr/lib/swift/macosx";
				OTHER_LDFLAGS = "$(inherited)";
				OTHER_SWIFT_FLAGS = "$(inherited)";
				PRODUCT_MODULE_NAME = "$(TARGET_NAME:c99extidentifier)";
				PRODUCT_NAME = "$(TARGET_NAME:c99extidentifier)";
			};
			name = Release;
		};
		"___DebugConf_SceneServer" /* Debug */ = {
			isa = XCBuildConfiguration;
			buildSettings = {
				LD_RUNPATH_SEARCH_PATHS = "$(TOOLCHAIN_DIR)/usr/lib/swift/macosx @executable_path";
				OTHER_LDFLAGS = "$(inherited)";
				OTHER_SWIFT_FLAGS = "$(inherited)";
				SWIFT_FORCE_DYNAMIC_LINK_STDLIB = YES;
				SWIFT_FORCE_STATIC_LINK_STDLIB = NO;
				SWIFT_OPTIMIZATION_LEVEL = "-Onone";
			};
			name = Debug;
		};
		"___DebugConf_SwiftyJSON" /* Debug */ = {
			isa = XCBuildConfiguration;
			buildSettings = {
				ENABLE_TESTABILITY = YES;
				INFOPLIST_FILE = SceneServer.xcodeproj/SwiftyJSON_Info.plist;
				LD_RUNPATH_SEARCH_PATHS = "$(TOOLCHAIN_DIR)/usr/lib/swift/macosx";
				OTHER_LDFLAGS = "$(inherited)";
				OTHER_SWIFT_FLAGS = "$(inherited)";
				PRODUCT_MODULE_NAME = "$(TARGET_NAME:c99extidentifier)";
				PRODUCT_NAME = "$(TARGET_NAME:c99extidentifier)";
				SWIFT_OPTIMIZATION_LEVEL = "-Onone";
			};
			name = Debug;
		};
		"_____Release_" /* Release */ = {
			isa = XCBuildConfiguration;
			baseConfigurationReference = __PBXFileRef_SceneServer.xcodeproj/Configs/Project.xcconfig /* Project.xcconfig */;
			buildSettings = {
			};
			name = Release;
		};
		"_______Debug_" /* Debug */ = {
			isa = XCBuildConfiguration;
			baseConfigurationReference = __PBXFileRef_SceneServer.xcodeproj/Configs/Project.xcconfig /* Project.xcconfig */;
			buildSettings = {
			};
			name = Debug;
		};
/* End XCBuildConfiguration section */

/* Begin XCConfigurationList section */
		"___RootConfs_" /* Build configuration list for PBXProject "SceneServer" */ = {
			isa = XCConfigurationList;
			buildConfigurations = (
				"_______Debug_" /* Debug */,
				"_____Release_" /* Release */,
			);
			defaultConfigurationIsVisible = 0;
			defaultConfigurationName = Debug;
		};
		"_______Confs_SceneServer" /* Build configuration list for PBXNativeTarget "SceneServer" */ = {
			isa = XCConfigurationList;
			buildConfigurations = (
				"___DebugConf_SceneServer" /* Debug */,
				_ReleaseConf_SceneServer /* Release */,
			);
			defaultConfigurationIsVisible = 0;
			defaultConfigurationName = Debug;
		};
		"_______Confs_SwiftyJSON" /* Build configuration list for PBXNativeTarget "SwiftyJSON" */ = {
			isa = XCConfigurationList;
			buildConfigurations = (
				"___DebugConf_SwiftyJSON" /* Debug */,
				_ReleaseConf_SwiftyJSON /* Release */,
			);
			defaultConfigurationIsVisible = 0;
			defaultConfigurationName = Debug;
		};
/* End XCConfigurationList section */
	};
	rootObject = __RootObject_ /* Project object */;
}
